
Microsoft Visual Studio Solution File, Format Version 12.00
Project("{FAE04EC0-301F-11D3-BF4B-00C04F79EFBC}") = "Jc.GMA.iOS", "Jc.GMA.iOS\Jc.GMA.iOS.csproj", "{7EC1586E-F7DC-47E0-BB70-B4F3EDC3D2BC}"
EndProject
Project("{FAE04EC0-301F-11D3-BF4B-00C04F79EFBC}") = "Jc.UMP.iOS", "Jc.UMP.iOS\Jc.UMP.iOS.csproj", "{95E2D418-2A8A-4938-B4F3-2D7DF82F13DC}"
EndProject
Global
	GlobalSection(SolutionConfigurationPlatforms) = preSolution
		Debug|Any CPU = Debug|Any CPU
		Release|Any CPU = Release|Any CPU
	EndGlobalSection
	GlobalSection(ProjectConfigurationPlatforms) = postSolution
		{7EC1586E-F7DC-47E0-BB70-B4F3EDC3D2BC}.Debug|Any CPU.ActiveCfg = Debug|Any CPU
		{7EC1586E-F7DC-47E0-BB70-B4F3EDC3D2BC}.Debug|Any CPU.Build.0 = Debug|Any CPU
		{7EC1586E-F7DC-47E0-BB70-B4F3EDC3D2BC}.Release|Any CPU.ActiveCfg = Release|Any CPU
		{7EC1586E-F7DC-47E0-BB70-B4F3EDC3D2BC}.Release|Any CPU.Build.0 = Release|Any CPU
		{95E2D418-2A8A-4938-B4F3-2D7DF82F13DC}.Debug|Any CPU.ActiveCfg = Debug|Any CPU
		{95E2D418-2A8A-4938-B4F3-2D7DF82F13DC}.Debug|Any CPU.Build.0 = Debug|Any CPU
		{95E2D418-2A8A-4938-B4F3-2D7DF82F13DC}.Release|Any CPU.ActiveCfg = Release|Any CPU
		{95E2D418-2A8A-4938-B4F3-2D7DF82F13DC}.Release|Any CPU.Build.0 = Release|Any CPU
	EndGlobalSection
EndGlobal
